
Microsoft Visual Studio Solution File, Format Version 12.00
# Visual Studio 14
VisualStudioVersion = 14.0.23107.0
MinimumVisualStudioVersion = 10.0.40219.1
Project("{9092AA53-FB77-4645-B42D-1CCCA6BD08BD}") = "Bagua", "Bagua\Bagua.njsproj", "{21729536-3ED5-4E7F-963D-8A5ACA06A623}"
EndProject
Global
	GlobalSection(SolutionConfigurationPlatforms) = preSolution
		Debug|Any CPU = Debug|Any CPU
		Release|Any CPU = Release|Any CPU
	EndGlobalSection
	GlobalSection(ProjectConfigurationPlatforms) = postSolution
		{21729536-3ED5-4E7F-963D-8A5ACA06A623}.Debug|Any CPU.ActiveCfg = Debug|Any CPU
		{21729536-3ED5-4E7F-963D-8A5ACA06A623}.Debug|Any CPU.Build.0 = Debug|Any CPU
		{21729536-3ED5-4E7F-963D-8A5ACA06A623}.Release|Any CPU.ActiveCfg = Release|Any CPU
		{21729536-3ED5-4E7F-963D-8A5ACA06A623}.Release|Any CPU.Build.0 = Release|Any CPU
	EndGlobalSection
	GlobalSection(SolutionProperties) = preSolution
		HideSolutionNode = FALSE
	EndGlobalSection
EndGlobal
